// !$*UTF8*$!
{
	archiveVersion = 1;
	classes = {
	};
	objectVersion = 50;
	objects = {

/* Begin PBXBuildFile section */
		CC78E7FD249AE1D100EAE1B3 /* AppDelegate.swift in Sources */ = {isa = PBXBuildFile; fileRef = CC78E7FC249AE1D100EAE1B3 /* AppDelegate.swift */; };
		CC78E7FF249AE1D100EAE1B3 /* SceneDelegate.swift in Sources */ = {isa = PBXBuildFile; fileRef = CC78E7FE249AE1D100EAE1B3 /* SceneDelegate.swift */; };
		CC78E803249AE1D600EAE1B3 /* Assets.xcassets in Resources */ = {isa = PBXBuildFile; fileRef = CC78E802249AE1D600EAE1B3 /* Assets.xcassets */; };
		CC78E806249AE1D600EAE1B3 /* Preview Assets.xcassets in Resources */ = {isa = PBXBuildFile; fileRef = CC78E805249AE1D600EAE1B3 /* Preview Assets.xcassets */; };
		CC78E809249AE1D600EAE1B3 /* LaunchScreen.storyboard in Resources */ = {isa = PBXBuildFile; fileRef = CC78E807249AE1D600EAE1B3 /* LaunchScreen.storyboard */; };
		CC78E811249AE23300EAE1B3 /* FormatTimer.swift in Sources */ = {isa = PBXBuildFile; fileRef = CC78E810249AE23300EAE1B3 /* FormatTimer.swift */; };
		CC78E813249AE28300EAE1B3 /* TimerManager.swift in Sources */ = {isa = PBXBuildFile; fileRef = CC78E812249AE28300EAE1B3 /* TimerManager.swift */; };
		CC78E817249C223300EAE1B3 /* MeditationTimerView.swift in Sources */ = {isa = PBXBuildFile; fileRef = CC78E816249C223300EAE1B3 /* MeditationTimerView.swift */; };
		CC78E81B249D86A200EAE1B3 /* PlaySounds.swift in Sources */ = {isa = PBXBuildFile; fileRef = CC78E81A249D86A200EAE1B3 /* PlaySounds.swift */; };
		CC78E81F249F03CE00EAE1B3 /* future-gongsound1.wav in Resources */ = {isa = PBXBuildFile; fileRef = CC78E81E249F03CE00EAE1B3 /* future-gongsound1.wav */; };
		CC78E821249F26D700EAE1B3 /* LowBowlPadBeatMidVel4.mp3 in Resources */ = {isa = PBXBuildFile; fileRef = CC78E820249F26D700EAE1B3 /* LowBowlPadBeatMidVel4.mp3 */; };
/* End PBXBuildFile section */

/* Begin PBXFileReference section */
		CC78E7F9249AE1D100EAE1B3 /* Meditation Tracker.app */ = {isa = PBXFileReference; explicitFileType = wrapper.application; includeInIndex = 0; path = "Meditation Tracker.app"; sourceTree = BUILT_PRODUCTS_DIR; };
		CC78E7FC249AE1D100EAE1B3 /* AppDelegate.swift */ = {isa = PBXFileReference; lastKnownFileType = sourcecode.swift; path = AppDelegate.swift; sourceTree = "<group>"; };
		CC78E7FE249AE1D100EAE1B3 /* SceneDelegate.swift */ = {isa = PBXFileReference; lastKnownFileType = sourcecode.swift; path = SceneDelegate.swift; sourceTree = "<group>"; };
		CC78E802249AE1D600EAE1B3 /* Assets.xcassets */ = {isa = PBXFileReference; lastKnownFileType = folder.assetcatalog; path = Assets.xcassets; sourceTree = "<group>"; };
		CC78E805249AE1D600EAE1B3 /* Preview Assets.xcassets */ = {isa = PBXFileReference; lastKnownFileType = folder.assetcatalog; path = "Preview Assets.xcassets"; sourceTree = "<group>"; };
		CC78E808249AE1D600EAE1B3 /* Base */ = {isa = PBXFileReference; lastKnownFileType = file.storyboard; name = Base; path = Base.lproj/LaunchScreen.storyboard; sourceTree = "<group>"; };
		CC78E80A249AE1D600EAE1B3 /* Info.plist */ = {isa = PBXFileReference; lastKnownFileType = text.plist.xml; path = Info.plist; sourceTree = "<group>"; };
		CC78E810249AE23300EAE1B3 /* FormatTimer.swift */ = {isa = PBXFileReference; fileEncoding = 4; lastKnownFileType = sourcecode.swift; path = FormatTimer.swift; sourceTree = "<group>"; };
		CC78E812249AE28300EAE1B3 /* TimerManager.swift */ = {isa = PBXFileReference; lastKnownFileType = sourcecode.swift; path = TimerManager.swift; sourceTree = "<group>"; };
		CC78E816249C223300EAE1B3 /* MeditationTimerView.swift */ = {isa = PBXFileReference; fileEncoding = 4; lastKnownFileType = sourcecode.swift; path = MeditationTimerView.swift; sourceTree = "<group>"; };
		CC78E81A249D86A200EAE1B3 /* PlaySounds.swift */ = {isa = PBXFileReference; lastKnownFileType = sourcecode.swift; path = PlaySounds.swift; sourceTree = "<group>"; };
		CC78E81E249F03CE00EAE1B3 /* future-gongsound1.wav */ = {isa = PBXFileReference; lastKnownFileType = audio.wav; path = "future-gongsound1.wav"; sourceTree = "<group>"; };
		CC78E820249F26D700EAE1B3 /* LowBowlPadBeatMidVel4.mp3 */ = {isa = PBXFileReference; lastKnownFileType = audio.mp3; path = LowBowlPadBeatMidVel4.mp3; sourceTree = "<group>"; };
/* End PBXFileReference section */

/* Begin PBXFrameworksBuildPhase section */
		CC78E7F6249AE1D100EAE1B3 /* Frameworks */ = {
			isa = PBXFrameworksBuildPhase;
			buildActionMask = 2147483647;
			files = (
			);
			runOnlyForDeploymentPostprocessing = 0;
		};
/* End PBXFrameworksBuildPhase section */

/* Begin PBXGroup section */
		CC78E7F0249AE1D100EAE1B3 = {
			isa = PBXGroup;
			children = (
				CC78E7FB249AE1D100EAE1B3 /* Meditation Tracker */,
				CC78E7FA249AE1D100EAE1B3 /* Products */,
			);
			sourceTree = "<group>";
		};
		CC78E7FA249AE1D100EAE1B3 /* Products */ = {
			isa = PBXGroup;
			children = (
				CC78E7F9249AE1D100EAE1B3 /* Meditation Tracker.app */,
			);
			name = Products;
			sourceTree = "<group>";
		};
		CC78E7FB249AE1D100EAE1B3 /* Meditation Tracker */ = {
			isa = PBXGroup;
			children = (
				CC78E820249F26D700EAE1B3 /* LowBowlPadBeatMidVel4.mp3 */,
				CC78E81E249F03CE00EAE1B3 /* future-gongsound1.wav */,
				CC78E81A249D86A200EAE1B3 /* PlaySounds.swift */,
				CC78E7FC249AE1D100EAE1B3 /* AppDelegate.swift */,
				CC78E7FE249AE1D100EAE1B3 /* SceneDelegate.swift */,
				CC78E816249C223300EAE1B3 /* MeditationTimerView.swift */,
				CC78E812249AE28300EAE1B3 /* TimerManager.swift */,
				CC78E810249AE23300EAE1B3 /* FormatTimer.swift */,
				CC78E802249AE1D600EAE1B3 /* Assets.xcassets */,
				CC78E807249AE1D600EAE1B3 /* LaunchScreen.storyboard */,
				CC78E80A249AE1D600EAE1B3 /* Info.plist */,
				CC78E804249AE1D600EAE1B3 /* Preview Content */,
			);
			path = "Meditation Tracker";
			sourceTree = "<group>";
		};
		CC78E804249AE1D600EAE1B3 /* Preview Content */ = {
			isa = PBXGroup;
			children = (
				CC78E805249AE1D600EAE1B3 /* Preview Assets.xcassets */,
			);
			path = "Preview Content";
			sourceTree = "<group>";
		};
/* End PBXGroup section */

/* Begin PBXNativeTarget section */
		CC78E7F8249AE1D100EAE1B3 /* Meditation Tracker */ = {
			isa = PBXNativeTarget;
			buildConfigurationList = CC78E80D249AE1D600EAE1B3 /* Build configuration list for PBXNativeTarget "Meditation Tracker" */;
			buildPhases = (
				CC78E7F5249AE1D100EAE1B3 /* Sources */,
				CC78E7F6249AE1D100EAE1B3 /* Frameworks */,
				CC78E7F7249AE1D100EAE1B3 /* Resources */,
			);
			buildRules = (
			);
			dependencies = (
			);
			name = "Meditation Tracker";
			productName = "Meditation Tracker";
			productReference = CC78E7F9249AE1D100EAE1B3 /* Meditation Tracker.app */;
			productType = "com.apple.product-type.application";
		};
/* End PBXNativeTarget section */

/* Begin PBXProject section */
		CC78E7F1249AE1D100EAE1B3 /* Project object */ = {
			isa = PBXProject;
			attributes = {
				LastSwiftUpdateCheck = 1150;
				LastUpgradeCheck = 1150;
				ORGANIZATIONNAME = "Garrick Henne";
				TargetAttributes = {
					CC78E7F8249AE1D100EAE1B3 = {
						CreatedOnToolsVersion = 11.5;
					};
				};
			};
			buildConfigurationList = CC78E7F4249AE1D100EAE1B3 /* Build configuration list for PBXProject "Meditation Tracker" */;
			compatibilityVersion = "Xcode 9.3";
			developmentRegion = en;
			hasScannedForEncodings = 0;
			knownRegions = (
				en,
				Base,
			);
			mainGroup = CC78E7F0249AE1D100EAE1B3;
			productRefGroup = CC78E7FA249AE1D100EAE1B3 /* Products */;
			projectDirPath = "";
			projectRoot = "";
			targets = (
				CC78E7F8249AE1D100EAE1B3 /* Meditation Tracker */,
			);
		};
/* End PBXProject section */

/* Begin PBXResourcesBuildPhase section */
		CC78E7F7249AE1D100EAE1B3 /* Resources */ = {
			isa = PBXResourcesBuildPhase;
			buildActionMask = 2147483647;
			files = (
				CC78E809249AE1D600EAE1B3 /* LaunchScreen.storyboard in Resources */,
				CC78E81F249F03CE00EAE1B3 /* future-gongsound1.wav in Resources */,
				CC78E806249AE1D600EAE1B3 /* Preview Assets.xcassets in Resources */,
				CC78E821249F26D700EAE1B3 /* LowBowlPadBeatMidVel4.mp3 in Resources */,
				CC78E803249AE1D600EAE1B3 /* Assets.xcassets in Resources */,
			);
			runOnlyForDeploymentPostprocessing = 0;
		};
/* End PBXResourcesBuildPhase section */

/* Begin PBXSourcesBuildPhase section */
		CC78E7F5249AE1D100EAE1B3 /* Sources */ = {
			isa = PBXSourcesBuildPhase;
			buildActionMask = 2147483647;
			files = (
				CC78E7FD249AE1D100EAE1B3 /* AppDelegate.swift in Sources */,
				CC78E81B249D86A200EAE1B3 /* PlaySounds.swift in Sources */,
				CC78E817249C223300EAE1B3 /* MeditationTimerView.swift in Sources */,
				CC78E813249AE28300EAE1B3 /* TimerManager.swift in Sources */,
				CC78E7FF249AE1D100EAE1B3 /* SceneDelegate.swift in Sources */,
				CC78E811249AE23300EAE1B3 /* FormatTimer.swift in Sources */,
			);
			runOnlyForDeploymentPostprocessing = 0;
		};
/* End PBXSourcesBuildPhase section */

/* Begin PBXVariantGroup section */
		CC78E807249AE1D600EAE1B3 /* LaunchScreen.storyboard */ = {
			isa = PBXVariantGroup;
			children = (
				CC78E808249AE1D600EAE1B3 /* Base */,
			);
			name = LaunchScreen.storyboard;
			sourceTree = "<group>";
		};
/* End PBXVariantGroup section */

/* Begin XCBuildConfiguration section */
		CC78E80B249AE1D600EAE1B3 /* Debug */ = {
			isa = XCBuildConfiguration;
			buildSettings = {
				ALWAYS_SEARCH_USER_PATHS = NO;
				CLANG_ANALYZER_NONNULL = YES;
				CLANG_ANALYZER_NUMBER_OBJECT_CONVERSION = YES_AGGRESSIVE;
				CLANG_CXX_LANGUAGE_STANDARD = "gnu++14";
				CLANG_CXX_LIBRARY = "libc++";
				CLANG_ENABLE_MODULES = YES;
				CLANG_ENABLE_OBJC_ARC = YES;
				CLANG_ENABLE_OBJC_WEAK = YES;
				CLANG_WARN_BLOCK_CAPTURE_AUTORELEASING = YES;
				CLANG_WARN_BOOL_CONVERSION = YES;
				CLANG_WARN_COMMA = YES;
				CLANG_WARN_CONSTANT_CONVERSION = YES;
				CLANG_WARN_DEPRECATED_OBJC_IMPLEMENTATIONS = YES;
				CLANG_WARN_DIRECT_OBJC_ISA_USAGE = YES_ERROR;
				CLANG_WARN_DOCUMENTATION_COMMENTS = YES;
				CLANG_WARN_EMPTY_BODY = YES;
				CLANG_WARN_ENUM_CONVERSION = YES;
				CLANG_WARN_INFINITE_RECURSION = YES;
				CLANG_WARN_INT_CONVERSION = YES;
				CLANG_WARN_NON_LITERAL_NULL_CONVERSION = YES;
				CLANG_WARN_OBJC_IMPLICIT_RETAIN_SELF = YES;
				CLANG_WARN_OBJC_LITERAL_CONVERSION = YES;
				CLANG_WARN_OBJC_ROOT_CLASS = YES_ERROR;
				CLANG_WARN_RANGE_LOOP_ANALYSIS = YES;
				CLANG_WARN_STRICT_PROTOTYPES = YES;
				CLANG_WARN_SUSPICIOUS_MOVE = YES;
				CLANG_WARN_UNGUARDED_AVAILABILITY = YES_AGGRESSIVE;
				CLANG_WARN_UNREACHABLE_CODE = YES;
				CLANG_WARN__DUPLICATE_METHOD_MATCH = YES;
				COPY_PHASE_STRIP = NO;
				DEBUG_INFORMATION_FORMAT = dwarf;
				ENABLE_STRICT_OBJC_MSGSEND = YES;
				ENABLE_TESTABILITY = YES;
				GCC_C_LANGUAGE_STANDARD = gnu11;
				GCC_DYNAMIC_NO_PIC = NO;
				GCC_NO_COMMON_BLOCKS = YES;
				GCC_OPTIMIZATION_LEVEL = 0;
				GCC_PREPROCESSOR_DEFINITIONS = (
					"DEBUG=1",
					"$(inherited)",
				);
				GCC_WARN_64_TO_32_BIT_CONVERSION = YES;
				GCC_WARN_ABOUT_RETURN_TYPE = YES_ERROR;
				GCC_WARN_UNDECLARED_SELECTOR = YES;
				GCC_WARN_UNINITIALIZED_AUTOS = YES_AGGRESSIVE;
				GCC_WARN_UNUSED_FUNCTION = YES;
				GCC_WARN_UNUSED_VARIABLE = YES;
				IPHONEOS_DEPLOYMENT_TARGET = 13.5;
				MTL_ENABLE_DEBUG_INFO = INCLUDE_SOURCE;
				MTL_FAST_MATH = YES;
				ONLY_ACTIVE_ARCH = YES;
				SDKROOT = iphoneos;
				SWIFT_ACTIVE_COMPILATION_CONDITIONS = DEBUG;
				SWIFT_OPTIMIZATION_LEVEL = "-Onone";
			};
			name = Debug;
		};
		CC78E80C249AE1D600EAE1B3 /* Release */ = {
			isa = XCBuildConfiguration;
			buildSettings = {
				ALWAYS_SEARCH_USER_PATHS = NO;
				CLANG_ANALYZER_NONNULL = YES;
				CLANG_ANALYZER_NUMBER_OBJECT_CONVERSION = YES_AGGRESSIVE;
				CLANG_CXX_LANGUAGE_STANDARD = "gnu++14";
				CLANG_CXX_LIBRARY = "libc++";
				CLANG_ENABLE_MODULES = YES;
				CLANG_ENABLE_OBJC_ARC = YES;
				CLANG_ENABLE_OBJC_WEAK = YES;
				CLANG_WARN_BLOCK_CAPTURE_AUTORELEASING = YES;
				CLANG_WARN_BOOL_CONVERSION = YES;
				CLANG_WARN_COMMA = YES;
				CLANG_WARN_CONSTANT_CONVERSION = YES;
				CLANG_WARN_DEPRECATED_OBJC_IMPLEMENTATIONS = YES;
				CLANG_WARN_DIRECT_OBJC_ISA_USAGE = YES_ERROR;
				CLANG_WARN_DOCUMENTATION_COMMENTS = YES;
				CLANG_WARN_EMPTY_BODY = YES;
				CLANG_WARN_ENUM_CONVERSION = YES;
				CLANG_WARN_INFINITE_RECURSION = YES;
				CLANG_WARN_INT_CONVERSION = YES;
				CLANG_WARN_NON_LITERAL_NULL_CONVERSION = YES;
				CLANG_WARN_OBJC_IMPLICIT_RETAIN_SELF = YES;
				CLANG_WARN_OBJC_LITERAL_CONVERSION = YES;
				CLANG_WARN_OBJC_ROOT_CLASS = YES_ERROR;
				CLANG_WARN_RANGE_LOOP_ANALYSIS = YES;
				CLANG_WARN_STRICT_PROTOTYPES = YES;
				CLANG_WARN_SUSPICIOUS_MOVE = YES;
				CLANG_WARN_UNGUARDED_AVAILABILITY = YES_AGGRESSIVE;
				CLANG_WARN_UNREACHABLE_CODE = YES;
				CLANG_WARN__DUPLICATE_METHOD_MATCH = YES;
				COPY_PHASE_STRIP = NO;
				DEBUG_INFORMATION_FORMAT = "dwarf-with-dsym";
				ENABLE_NS_ASSERTIONS = NO;
				ENABLE_STRICT_OBJC_MSGSEND = YES;
				GCC_C_LANGUAGE_STANDARD = gnu11;
				GCC_NO_COMMON_BLOCKS = YES;
				GCC_WARN_64_TO_32_BIT_CONVERSION = YES;
				GCC_WARN_ABOUT_RETURN_TYPE = YES_ERROR;
				GCC_WARN_UNDECLARED_SELECTOR = YES;
				GCC_WARN_UNINITIALIZED_AUTOS = YES_AGGRESSIVE;
				GCC_WARN_UNUSED_FUNCTION = YES;
				GCC_WARN_UNUSED_VARIABLE = YES;
				IPHONEOS_DEPLOYMENT_TARGET = 13.5;
				MTL_ENABLE_DEBUG_INFO = NO;
				MTL_FAST_MATH = YES;
				SDKROOT = iphoneos;
				SWIFT_COMPILATION_MODE = wholemodule;
				SWIFT_OPTIMIZATION_LEVEL = "-O";
				VALIDATE_PRODUCT = YES;
			};
			name = Release;
		};
		CC78E80E249AE1D600EAE1B3 /* Debug */ = {
			isa = XCBuildConfiguration;
			buildSettings = {
				ASSETCATALOG_COMPILER_APPICON_NAME = AppIcon;
				CODE_SIGN_STYLE = Automatic;
				DEVELOPMENT_ASSET_PATHS = "\"Meditation Tracker/Preview Content\"";
				DEVELOPMENT_TEAM = AS8R6C63BT;
				ENABLE_PREVIEWS = YES;
				INFOPLIST_FILE = "Meditation Tracker/Info.plist";
				LD_RUNPATH_SEARCH_PATHS = (
					"$(inherited)",
					"@executable_path/Frameworks",
				);
				PRODUCT_BUNDLE_IDENTIFIER = "garrickhenne.Meditation-Tracker";
				PRODUCT_NAME = "$(TARGET_NAME)";
				SWIFT_VERSION = 5.0;
				TARGETED_DEVICE_FAMILY = 1;
			};
			name = Debug;
		};
		CC78E80F249AE1D600EAE1B3 /* Release */ = {
			isa = XCBuildConfiguration;
			buildSettings = {
				ASSETCATALOG_COMPILER_APPICON_NAME = AppIcon;
				CODE_SIGN_STYLE = Automatic;
				DEVELOPMENT_ASSET_PATHS = "\"Meditation Tracker/Preview Content\"";
				DEVELOPMENT_TEAM = AS8R6C63BT;
				ENABLE_PREVIEWS = YES;
				INFOPLIST_FILE = "Meditation Tracker/Info.plist";
				LD_RUNPATH_SEARCH_PATHS = (
					"$(inherited)",
					"@executable_path/Frameworks",
				);
				PRODUCT_BUNDLE_IDENTIFIER = "garrickhenne.Meditation-Tracker";
				PRODUCT_NAME = "$(TARGET_NAME)";
				SWIFT_VERSION = 5.0;
				TARGETED_DEVICE_FAMILY = 1;
			};
			name = Release;
		};
/* End XCBuildConfiguration section */

/* Begin XCConfigurationList section */
		CC78E7F4249AE1D100EAE1B3 /* Build configuration list for PBXProject "Meditation Tracker" */ = {
			isa = XCConfigurationList;
			buildConfigurations = (
				CC78E80B249AE1D600EAE1B3 /* Debug */,
				CC78E80C249AE1D600EAE1B3 /* Release */,
			);
			defaultConfigurationIsVisible = 0;
			defaultConfigurationName = Release;
		};
		CC78E80D249AE1D600EAE1B3 /* Build configuration list for PBXNativeTarget "Meditation Tracker" */ = {
			isa = XCConfigurationList;
			buildConfigurations = (
				CC78E80E249AE1D600EAE1B3 /* Debug */,
				CC78E80F249AE1D600EAE1B3 /* Release */,
			);
			defaultConfigurationIsVisible = 0;
			defaultConfigurationName = Release;
		};
/* End XCConfigurationList section */
	};
	rootObject = CC78E7F1249AE1D100EAE1B3 /* Project object */;
}
